{
  "object": {
    "pins": [
      {
        "package": "DL4S",
        "repositoryURL": "https://github.com/palle-k/DL4S.git",
        "state": {
          "branch": "master",
          "revision": "e4c436c9c965ad72615d6b83f455778768452b4c",
          "version": null
        }
      },
      {
        "package": "DL4STensorboard",
        "repositoryURL": "https://github.com/palle-k/DL4S-Tensorboard.git",
        "state": {
          "branch": "master",
          "revision": "4d98033d0f414a8db4c39792c0a36e045c1dd1c1",
          "version": null
        }
      },
      {
        "package": "SwiftProtobuf",
        "repositoryURL": "https://github.com/apple/swift-protobuf.git",
        "state": {
          "branch": null,
          "revision": "7f36441e3372665b1b414f8ac93b5905cc42a405",
          "version": "1.9.0"
        }
      },
      {
        "package": "SwiftGD",
        "repositoryURL": "https://github.com/twostraws/SwiftGD",
        "state": {
          "branch": null,
          "revision": "1960998971b453101e740f25bc6d9fb01e0ba225",
          "version": "2.5.0"
        }
      }
    ]
  },
  "version": 1
}
